{
  "lockfile_version": "1",
  "packages": {
    "github:NixOS/nixpkgs/nixpkgs-unstable": {
      "last_modified": "2025-06-14T12:19:57Z",
      "resolved": "github:NixOS/nixpkgs/41da1e3ea8e23e094e5e3eeb1e6b830468a7399e?lastModified=1749903597&narHash=sha256-jp0D4vzBcRKwNZwfY4BcWHemLGUs4JrS3X9w5k%2FJYDA%3D"
    },
    "openssl@latest": {
      "last_modified": "2025-06-14T12:19:57Z",
      "resolved": "github:NixOS/nixpkgs/41da1e3ea8e23e094e5e3eeb1e6b830468a7399e#openssl",
      "source": "devbox-search",
      "version": "3.4.1",
      "systems": {
        "aarch64-darwin": {
          "outputs": [
            {
              "name": "bin",
              "path": "/nix/store/bx0b6gvphv01s2px3j1h1ajy036h8bgb-openssl-3.4.1-bin",
              "default": true
            },
            {
              "name": "man",
              "path": "/nix/store/pwwqlk8zacsz87xz0gbic7zvhvjid232-openssl-3.4.1-man",
              "default": true
            },
            {
              "name": "dev",
              "path": "/nix/store/kbs1gz7p2j7qd1lixqzkladkjdxs8nj7-openssl-3.4.1-dev"
            },
            {
              "name": "doc",
              "path": "/nix/store/sjmrjajggy3648nkn0ipz8axhj34qqn5-openssl-3.4.1-doc"
            },
            {
              "name": "out",
              "path": "/nix/store/z2js30ib9b11hhcy1zy6x4nzdg75bpxf-openssl-3.4.1"
            }
          ],
          "store_path": "/nix/store/bx0b6gvphv01s2px3j1h1ajy036h8bgb-openssl-3.4.1-bin"
        },
        "aarch64-linux": {
          "outputs": [
            {
              "name": "bin",
              "path": "/nix/store/x89xyla4b5vdl5i7a417vbnrbhnyv2a9-openssl-3.4.1-bin",
              "default": true
            },
            {
              "name": "man",
              "path": "/nix/store/qqrcl2hqav9wrqj887zvsf4ywck4d4pq-openssl-3.4.1-man",
              "default": true
            },
            {
              "name": "out",
              "path": "/nix/store/ffdmy5fhjr6m1gkb8mycyf3swakvygd1-openssl-3.4.1"
            },
            {
              "name": "debug",
              "path": "/nix/store/m9cm6npjkgc7yl008nlfdbqz1gnw1n3n-openssl-3.4.1-debug"
            },
            {
              "name": "dev",
              "path": "/nix/store/snmsdv923yl1biv1lfg1as31smff1j7s-openssl-3.4.1-dev"
            },
            {
              "name": "doc",
              "path": "/nix/store/ybjya4sv3m3cjm5s3v1gp527lcbavsc5-openssl-3.4.1-doc"
            }
          ],
          "store_path": "/nix/store/x89xyla4b5vdl5i7a417vbnrbhnyv2a9-openssl-3.4.1-bin"
        },
        "x86_64-darwin": {
          "outputs": [
            {
              "name": "bin",
              "path": "/nix/store/liqdyh2xc61v6g9lhhydijsd79p0ghgq-openssl-3.4.1-bin",
              "default": true
            },
            {
              "name": "man",
              "path": "/nix/store/6vyh0kmpyyaliqrxa01iw56x50c8jrf3-openssl-3.4.1-man",
              "default": true
            },
            {
              "name": "doc",
              "path": "/nix/store/iskcy65i66j6x2b8q1y40x0qlmppnk48-openssl-3.4.1-doc"
            },
            {
              "name": "out",
              "path": "/nix/store/gf7l76id9931pnshsvvv8izg00hbgaxw-openssl-3.4.1"
            },
            {
              "name": "dev",
              "path": "/nix/store/58m9pn9yksg7xjl6kl7qmmp2dwj9gjg2-openssl-3.4.1-dev"
            }
          ],
          "store_path": "/nix/store/liqdyh2xc61v6g9lhhydijsd79p0ghgq-openssl-3.4.1-bin"
        },
        "x86_64-linux": {
          "outputs": [
            {
              "name": "bin",
              "path": "/nix/store/rjzx8v679rwd6dsb6s08iy3j2rrax72s-openssl-3.4.1-bin",
              "default": true
            },
            {
              "name": "man",
              "path": "/nix/store/1l5b31cnswnbcdcac9rzs9xixnc2n9r5-openssl-3.4.1-man",
              "default": true
            },
            {
              "name": "dev",
              "path": "/nix/store/kcgqglb4iax0zh5jlrxmjdik93wlgsrq-openssl-3.4.1-dev"
            },
            {
              "name": "doc",
              "path": "/nix/store/9fz5qmj0z70cbzy7mapml0sbi8z6ap0a-openssl-3.4.1-doc"
            },
            {
              "name": "out",
              "path": "/nix/store/8pviily4fgsl02ijm65binz236717wfs-openssl-3.4.1"
            },
            {
              "name": "debug",
              "path": "/nix/store/yk2g2gfcj2fy1ffyi1g91q7jmp4h8pxa-openssl-3.4.1-debug"
            }
          ],
          "store_path": "/nix/store/rjzx8v679rwd6dsb6s08iy3j2rrax72s-openssl-3.4.1-bin"
        }
      }
    },
    "pkg-config@latest": {
      "last_modified": "2025-05-16T20:19:48Z",
      "resolved": "github:NixOS/nixpkgs/12a55407652e04dcf2309436eb06fef0d3713ef3#pkg-config",
      "source": "devbox-search",
      "version": "0.29.2",
      "systems": {
        "aarch64-darwin": {
          "outputs": [
            {
              "name": "out",
              "path": "/nix/store/svafyjg9cly5zrq6hvbd34d14szvx2l7-pkg-config-wrapper-0.29.2",
              "default": true
            },
            {
              "name": "man",
              "path": "/nix/store/wnc0cjzgh9njz9gzmr1xpri7g8azbmll-pkg-config-wrapper-0.29.2-man",
              "default": true
            },
            {
              "name": "doc",
              "path": "/nix/store/3ynyhaw76lpyrq90izswniwi30w44ijs-pkg-config-wrapper-0.29.2-doc"
            }
          ],
          "store_path": "/nix/store/svafyjg9cly5zrq6hvbd34d14szvx2l7-pkg-config-wrapper-0.29.2"
        },
        "aarch64-linux": {
          "outputs": [
            {
              "name": "out",
              "path": "/nix/store/gzm371m389j42zak90jpg2bnx4cdkyh2-pkg-config-wrapper-0.29.2",
              "default": true
            },
            {
              "name": "man",
              "path": "/nix/store/gw2zj9jkdf8369zmmxyc6g1siclmshdd-pkg-config-wrapper-0.29.2-man",
              "default": true
            },
            {
              "name": "doc",
              "path": "/nix/store/axcsk9bmq0q4dg3asfnfifwk6s3ci1qd-pkg-config-wrapper-0.29.2-doc"
            }
          ],
          "store_path": "/nix/store/gzm371m389j42zak90jpg2bnx4cdkyh2-pkg-config-wrapper-0.29.2"
        },
        "x86_64-darwin": {
          "outputs": [
            {
              "name": "out",
              "path": "/nix/store/6a30pxqzr3hxspghxkx76r5i35dn8vw4-pkg-config-wrapper-0.29.2",
              "default": true
            },
            {
              "name": "man",
              "path": "/nix/store/98m5gy9w2q1m4rw8hlsfglbhzkk8q26y-pkg-config-wrapper-0.29.2-man",
              "default": true
            },
            {
              "name": "doc",
              "path": "/nix/store/r03rfhl9fp32v02f30lp5ixx6j8bz6ii-pkg-config-wrapper-0.29.2-doc"
            }
          ],
          "store_path": "/nix/store/6a30pxqzr3hxspghxkx76r5i35dn8vw4-pkg-config-wrapper-0.29.2"
        },
        "x86_64-linux": {
          "outputs": [
            {
              "name": "out",
              "path": "/nix/store/2crk9xnq5x9v7yf0r2nwkgj8qsmxr4ly-pkg-config-wrapper-0.29.2",
              "default": true
            },
            {
              "name": "man",
              "path": "/nix/store/fsrf6bncxkzcd70xr4191vrnfr910fgx-pkg-config-wrapper-0.29.2-man",
              "default": true
            },
            {
              "name": "doc",
              "path": "/nix/store/8h5h1jw0pw5f7gj68day67wjfsdjmp02-pkg-config-wrapper-0.29.2-doc"
            }
          ],
          "store_path": "/nix/store/2crk9xnq5x9v7yf0r2nwkgj8qsmxr4ly-pkg-config-wrapper-0.29.2"
        }
      }
    },
    "rustup@latest": {
      "last_modified": "2025-05-24T21:46:02Z",
      "plugin_version": "0.0.1",
      "resolved": "github:NixOS/nixpkgs/edb3633f9100d9277d1c9af245a4e9337a980c07#rustup",
      "source": "devbox-search",
      "version": "1.28.2",
      "systems": {
        "aarch64-darwin": {
          "outputs": [
            {
              "name": "out",
              "path": "/nix/store/jzf2xrccygh4afih9vxilf1caykwpn8j-rustup-1.28.2",
              "default": true
            }
          ],
          "store_path": "/nix/store/jzf2xrccygh4afih9vxilf1caykwpn8j-rustup-1.28.2"
        },
        "aarch64-linux": {
          "outputs": [
            {
              "name": "out",
              "path": "/nix/store/5xymib0ivbfwc34wxcyja8j4fsnadzq1-rustup-1.28.2",
              "default": true
            }
          ],
          "store_path": "/nix/store/5xymib0ivbfwc34wxcyja8j4fsnadzq1-rustup-1.28.2"
        },
        "x86_64-darwin": {
          "outputs": [
            {
              "name": "out",
              "path": "/nix/store/32hqli9jj5fmjk1xl2l64xxwqswajfx9-rustup-1.28.2",
              "default": true
            }
          ],
          "store_path": "/nix/store/32hqli9jj5fmjk1xl2l64xxwqswajfx9-rustup-1.28.2"
        },
        "x86_64-linux": {
          "outputs": [
            {
              "name": "out",
              "path": "/nix/store/hav3ba66s36zxh8ljynyw7s6g31b7xbf-rustup-1.28.2",
              "default": true
            }
          ],
          "store_path": "/nix/store/hav3ba66s36zxh8ljynyw7s6g31b7xbf-rustup-1.28.2"
        }
      }
    }
  }
}
